// !$*UTF8*$!
{
	archiveVersion = 1;
	classes = {
	};
	objectVersion = 50;
	objects = {

/* Begin PBXBuildFile section */
		5B5A3ACA2618CB5A003EEF7C /* AppDelegate.swift in Sources */ = {isa = PBXBuildFile; fileRef = 5B5A3AC92618CB5A003EEF7C /* AppDelegate.swift */; };
		5B5A3ACC2618CB5A003EEF7C /* SceneDelegate.swift in Sources */ = {isa = PBXBuildFile; fileRef = 5B5A3ACB2618CB5A003EEF7C /* SceneDelegate.swift */; };
		5B5A3ACE2618CB5A003EEF7C /* MadCircleViewController.swift in Sources */ = {isa = PBXBuildFile; fileRef = 5B5A3ACD2618CB5A003EEF7C /* MadCircleViewController.swift */; };
		5B5A3AD32618CB5D003EEF7C /* Assets.xcassets in Resources */ = {isa = PBXBuildFile; fileRef = 5B5A3AD22618CB5D003EEF7C /* Assets.xcassets */; };
		5B5A3AD62618CB5D003EEF7C /* LaunchScreen.storyboard in Resources */ = {isa = PBXBuildFile; fileRef = 5B5A3AD42618CB5D003EEF7C /* LaunchScreen.storyboard */; };
		5B5A3AE12618CB5E003EEF7C /* MadCircleTests.swift in Sources */ = {isa = PBXBuildFile; fileRef = 5B5A3AE02618CB5E003EEF7C /* MadCircleTests.swift */; };
		5B5A3AEC2618CB5E003EEF7C /* MadCircleUITests.swift in Sources */ = {isa = PBXBuildFile; fileRef = 5B5A3AEB2618CB5E003EEF7C /* MadCircleUITests.swift */; };
/* End PBXBuildFile section */

/* Begin PBXContainerItemProxy section */
		5B5A3ADD2618CB5E003EEF7C /* PBXContainerItemProxy */ = {
			isa = PBXContainerItemProxy;
			containerPortal = 5B5A3ABE2618CB5A003EEF7C /* Project object */;
			proxyType = 1;
			remoteGlobalIDString = 5B5A3AC52618CB5A003EEF7C;
			remoteInfo = MadCircle;
		};
		5B5A3AE82618CB5E003EEF7C /* PBXContainerItemProxy */ = {
			isa = PBXContainerItemProxy;
			containerPortal = 5B5A3ABE2618CB5A003EEF7C /* Project object */;
			proxyType = 1;
			remoteGlobalIDString = 5B5A3AC52618CB5A003EEF7C;
			remoteInfo = MadCircle;
		};
/* End PBXContainerItemProxy section */

/* Begin PBXFileReference section */
		5B5A3AC62618CB5A003EEF7C /* MadCircle.app */ = {isa = PBXFileReference; explicitFileType = wrapper.application; includeInIndex = 0; path = MadCircle.app; sourceTree = BUILT_PRODUCTS_DIR; };
		5B5A3AC92618CB5A003EEF7C /* AppDelegate.swift */ = {isa = PBXFileReference; lastKnownFileType = sourcecode.swift; path = AppDelegate.swift; sourceTree = "<group>"; };
		5B5A3ACB2618CB5A003EEF7C /* SceneDelegate.swift */ = {isa = PBXFileReference; lastKnownFileType = sourcecode.swift; path = SceneDelegate.swift; sourceTree = "<group>"; };
		5B5A3ACD2618CB5A003EEF7C /* MadCircleViewController.swift */ = {isa = PBXFileReference; lastKnownFileType = sourcecode.swift; path = MadCircleViewController.swift; sourceTree = "<group>"; };
		5B5A3AD22618CB5D003EEF7C /* Assets.xcassets */ = {isa = PBXFileReference; lastKnownFileType = folder.assetcatalog; path = Assets.xcassets; sourceTree = "<group>"; };
		5B5A3AD52618CB5D003EEF7C /* Base */ = {isa = PBXFileReference; lastKnownFileType = file.storyboard; name = Base; path = Base.lproj/LaunchScreen.storyboard; sourceTree = "<group>"; };
		5B5A3AD72618CB5D003EEF7C /* Info.plist */ = {isa = PBXFileReference; lastKnownFileType = text.plist.xml; path = Info.plist; sourceTree = "<group>"; };
		5B5A3ADC2618CB5E003EEF7C /* MadCircleTests.xctest */ = {isa = PBXFileReference; explicitFileType = wrapper.cfbundle; includeInIndex = 0; path = MadCircleTests.xctest; sourceTree = BUILT_PRODUCTS_DIR; };
		5B5A3AE02618CB5E003EEF7C /* MadCircleTests.swift */ = {isa = PBXFileReference; lastKnownFileType = sourcecode.swift; path = MadCircleTests.swift; sourceTree = "<group>"; };
		5B5A3AE22618CB5E003EEF7C /* Info.plist */ = {isa = PBXFileReference; lastKnownFileType = text.plist.xml; path = Info.plist; sourceTree = "<group>"; };
		5B5A3AE72618CB5E003EEF7C /* MadCircleUITests.xctest */ = {isa = PBXFileReference; explicitFileType = wrapper.cfbundle; includeInIndex = 0; path = MadCircleUITests.xctest; sourceTree = BUILT_PRODUCTS_DIR; };
		5B5A3AEB2618CB5E003EEF7C /* MadCircleUITests.swift */ = {isa = PBXFileReference; lastKnownFileType = sourcecode.swift; path = MadCircleUITests.swift; sourceTree = "<group>"; };
		5B5A3AED2618CB5E003EEF7C /* Info.plist */ = {isa = PBXFileReference; lastKnownFileType = text.plist.xml; path = Info.plist; sourceTree = "<group>"; };
/* End PBXFileReference section */

/* Begin PBXFrameworksBuildPhase section */
		5B5A3AC32618CB5A003EEF7C /* Frameworks */ = {
			isa = PBXFrameworksBuildPhase;
			buildActionMask = 2147483647;
			files = (
			);
			runOnlyForDeploymentPostprocessing = 0;
		};
		5B5A3AD92618CB5E003EEF7C /* Frameworks */ = {
			isa = PBXFrameworksBuildPhase;
			buildActionMask = 2147483647;
			files = (
			);
			runOnlyForDeploymentPostprocessing = 0;
		};
		5B5A3AE42618CB5E003EEF7C /* Frameworks */ = {
			isa = PBXFrameworksBuildPhase;
			buildActionMask = 2147483647;
			files = (
			);
			runOnlyForDeploymentPostprocessing = 0;
		};
/* End PBXFrameworksBuildPhase section */

/* Begin PBXGroup section */
		5B5A3ABD2618CB5A003EEF7C = {
			isa = PBXGroup;
			children = (
				5B5A3AC82618CB5A003EEF7C /* MadCircle */,
				5B5A3ADF2618CB5E003EEF7C /* MadCircleTests */,
				5B5A3AEA2618CB5E003EEF7C /* MadCircleUITests */,
				5B5A3AC72618CB5A003EEF7C /* Products */,
			);
			sourceTree = "<group>";
		};
		5B5A3AC72618CB5A003EEF7C /* Products */ = {
			isa = PBXGroup;
			children = (
				5B5A3AC62618CB5A003EEF7C /* MadCircle.app */,
				5B5A3ADC2618CB5E003EEF7C /* MadCircleTests.xctest */,
				5B5A3AE72618CB5E003EEF7C /* MadCircleUITests.xctest */,
			);
			name = Products;
			sourceTree = "<group>";
		};
		5B5A3AC82618CB5A003EEF7C /* MadCircle */ = {
			isa = PBXGroup;
			children = (
				5B5A3AC92618CB5A003EEF7C /* AppDelegate.swift */,
				5B5A3ACB2618CB5A003EEF7C /* SceneDelegate.swift */,
				5B5A3ACD2618CB5A003EEF7C /* MadCircleViewController.swift */,
				5B5A3AD22618CB5D003EEF7C /* Assets.xcassets */,
				5B5A3AD42618CB5D003EEF7C /* LaunchScreen.storyboard */,
				5B5A3AD72618CB5D003EEF7C /* Info.plist */,
			);
			path = MadCircle;
			sourceTree = "<group>";
		};
		5B5A3ADF2618CB5E003EEF7C /* MadCircleTests */ = {
			isa = PBXGroup;
			children = (
				5B5A3AE02618CB5E003EEF7C /* MadCircleTests.swift */,
				5B5A3AE22618CB5E003EEF7C /* Info.plist */,
			);
			path = MadCircleTests;
			sourceTree = "<group>";
		};
		5B5A3AEA2618CB5E003EEF7C /* MadCircleUITests */ = {
			isa = PBXGroup;
			children = (
				5B5A3AEB2618CB5E003EEF7C /* MadCircleUITests.swift */,
				5B5A3AED2618CB5E003EEF7C /* Info.plist */,
			);
			path = MadCircleUITests;
			sourceTree = "<group>";
		};
/* End PBXGroup section */

/* Begin PBXNativeTarget section */
		5B5A3AC52618CB5A003EEF7C /* MadCircle */ = {
			isa = PBXNativeTarget;
			buildConfigurationList = 5B5A3AF02618CB5E003EEF7C /* Build configuration list for PBXNativeTarget "MadCircle" */;
			buildPhases = (
				5B5A3AC22618CB5A003EEF7C /* Sources */,
				5B5A3AC32618CB5A003EEF7C /* Frameworks */,
				5B5A3AC42618CB5A003EEF7C /* Resources */,
			);
			buildRules = (
			);
			dependencies = (
			);
			name = MadCircle;
			productName = MadCircle;
			productReference = 5B5A3AC62618CB5A003EEF7C /* MadCircle.app */;
			productType = "com.apple.product-type.application";
		};
		5B5A3ADB2618CB5E003EEF7C /* MadCircleTests */ = {
			isa = PBXNativeTarget;
			buildConfigurationList = 5B5A3AF32618CB5E003EEF7C /* Build configuration list for PBXNativeTarget "MadCircleTests" */;
			buildPhases = (
				5B5A3AD82618CB5E003EEF7C /* Sources */,
				5B5A3AD92618CB5E003EEF7C /* Frameworks */,
				5B5A3ADA2618CB5E003EEF7C /* Resources */,
			);
			buildRules = (
			);
			dependencies = (
				5B5A3ADE2618CB5E003EEF7C /* PBXTargetDependency */,
			);
			name = MadCircleTests;
			productName = MadCircleTests;
			productReference = 5B5A3ADC2618CB5E003EEF7C /* MadCircleTests.xctest */;
			productType = "com.apple.product-type.bundle.unit-test";
		};
		5B5A3AE62618CB5E003EEF7C /* MadCircleUITests */ = {
			isa = PBXNativeTarget;
			buildConfigurationList = 5B5A3AF62618CB5E003EEF7C /* Build configuration list for PBXNativeTarget "MadCircleUITests" */;
			buildPhases = (
				5B5A3AE32618CB5E003EEF7C /* Sources */,
				5B5A3AE42618CB5E003EEF7C /* Frameworks */,
				5B5A3AE52618CB5E003EEF7C /* Resources */,
			);
			buildRules = (
			);
			dependencies = (
				5B5A3AE92618CB5E003EEF7C /* PBXTargetDependency */,
			);
			name = MadCircleUITests;
			productName = MadCircleUITests;
			productReference = 5B5A3AE72618CB5E003EEF7C /* MadCircleUITests.xctest */;
			productType = "com.apple.product-type.bundle.ui-testing";
		};
/* End PBXNativeTarget section */

/* Begin PBXProject section */
		5B5A3ABE2618CB5A003EEF7C /* Project object */ = {
			isa = PBXProject;
			attributes = {
				LastSwiftUpdateCheck = 1210;
				LastUpgradeCheck = 1210;
				TargetAttributes = {
					5B5A3AC52618CB5A003EEF7C = {
						CreatedOnToolsVersion = 12.1;
					};
					5B5A3ADB2618CB5E003EEF7C = {
						CreatedOnToolsVersion = 12.1;
						TestTargetID = 5B5A3AC52618CB5A003EEF7C;
					};
					5B5A3AE62618CB5E003EEF7C = {
						CreatedOnToolsVersion = 12.1;
						TestTargetID = 5B5A3AC52618CB5A003EEF7C;
					};
				};
			};
			buildConfigurationList = 5B5A3AC12618CB5A003EEF7C /* Build configuration list for PBXProject "MadCircle" */;
			compatibilityVersion = "Xcode 9.3";
			developmentRegion = en;
			hasScannedForEncodings = 0;
			knownRegions = (
				en,
				Base,
			);
			mainGroup = 5B5A3ABD2618CB5A003EEF7C;
			productRefGroup = 5B5A3AC72618CB5A003EEF7C /* Products */;
			projectDirPath = "";
			projectRoot = "";
			targets = (
				5B5A3AC52618CB5A003EEF7C /* MadCircle */,
				5B5A3ADB2618CB5E003EEF7C /* MadCircleTests */,
				5B5A3AE62618CB5E003EEF7C /* MadCircleUITests */,
			);
		};
/* End PBXProject section */

/* Begin PBXResourcesBuildPhase section */
		5B5A3AC42618CB5A003EEF7C /* Resources */ = {
			isa = PBXResourcesBuildPhase;
			buildActionMask = 2147483647;
			files = (
				5B5A3AD62618CB5D003EEF7C /* LaunchScreen.storyboard in Resources */,
				5B5A3AD32618CB5D003EEF7C /* Assets.xcassets in Resources */,
			);
			runOnlyForDeploymentPostprocessing = 0;
		};
		5B5A3ADA2618CB5E003EEF7C /* Resources */ = {
			isa = PBXResourcesBuildPhase;
			buildActionMask = 2147483647;
			files = (
			);
			runOnlyForDeploymentPostprocessing = 0;
		};
		5B5A3AE52618CB5E003EEF7C /* Resources */ = {
			isa = PBXResourcesBuildPhase;
			buildActionMask = 2147483647;
			files = (
			);
			runOnlyForDeploymentPostprocessing = 0;
		};
/* End PBXResourcesBuildPhase section */

/* Begin PBXSourcesBuildPhase section */
		5B5A3AC22618CB5A003EEF7C /* Sources */ = {
			isa = PBXSourcesBuildPhase;
			buildActionMask = 2147483647;
			files = (
				5B5A3ACE2618CB5A003EEF7C /* MadCircleViewController.swift in Sources */,
				5B5A3ACA2618CB5A003EEF7C /* AppDelegate.swift in Sources */,
				5B5A3ACC2618CB5A003EEF7C /* SceneDelegate.swift in Sources */,
			);
			runOnlyForDeploymentPostprocessing = 0;
		};
		5B5A3AD82618CB5E003EEF7C /* Sources */ = {
			isa = PBXSourcesBuildPhase;
			buildActionMask = 2147483647;
			files = (
				5B5A3AE12618CB5E003EEF7C /* MadCircleTests.swift in Sources */,
			);
			runOnlyForDeploymentPostprocessing = 0;
		};
		5B5A3AE32618CB5E003EEF7C /* Sources */ = {
			isa = PBXSourcesBuildPhase;
			buildActionMask = 2147483647;
			files = (
				5B5A3AEC2618CB5E003EEF7C /* MadCircleUITests.swift in Sources */,
			);
			runOnlyForDeploymentPostprocessing = 0;
		};
/* End PBXSourcesBuildPhase section */

/* Begin PBXTargetDependency section */
		5B5A3ADE2618CB5E003EEF7C /* PBXTargetDependency */ = {
			isa = PBXTargetDependency;
			target = 5B5A3AC52618CB5A003EEF7C /* MadCircle */;
			targetProxy = 5B5A3ADD2618CB5E003EEF7C /* PBXContainerItemProxy */;
		};
		5B5A3AE92618CB5E003EEF7C /* PBXTargetDependency */ = {
			isa = PBXTargetDependency;
			target = 5B5A3AC52618CB5A003EEF7C /* MadCircle */;
			targetProxy = 5B5A3AE82618CB5E003EEF7C /* PBXContainerItemProxy */;
		};
/* End PBXTargetDependency section */

/* Begin PBXVariantGroup section */
		5B5A3AD42618CB5D003EEF7C /* LaunchScreen.storyboard */ = {
			isa = PBXVariantGroup;
			children = (
				5B5A3AD52618CB5D003EEF7C /* Base */,
			);
			name = LaunchScreen.storyboard;
			sourceTree = "<group>";
		};
/* End PBXVariantGroup section */

/* Begin XCBuildConfiguration section */
		5B5A3AEE2618CB5E003EEF7C /* Debug */ = {
			isa = XCBuildConfiguration;
			buildSettings = {
				ALWAYS_SEARCH_USER_PATHS = NO;
				CLANG_ANALYZER_NONNULL = YES;
				CLANG_ANALYZER_NUMBER_OBJECT_CONVERSION = YES_AGGRESSIVE;
				CLANG_CXX_LANGUAGE_STANDARD = "gnu++14";
				CLANG_CXX_LIBRARY = "libc++";
				CLANG_ENABLE_MODULES = YES;
				CLANG_ENABLE_OBJC_ARC = YES;
				CLANG_ENABLE_OBJC_WEAK = YES;
				CLANG_WARN_BLOCK_CAPTURE_AUTORELEASING = YES;
				CLANG_WARN_BOOL_CONVERSION = YES;
				CLANG_WARN_COMMA = YES;
				CLANG_WARN_CONSTANT_CONVERSION = YES;
				CLANG_WARN_DEPRECATED_OBJC_IMPLEMENTATIONS = YES;
				CLANG_WARN_DIRECT_OBJC_ISA_USAGE = YES_ERROR;
				CLANG_WARN_DOCUMENTATION_COMMENTS = YES;
				CLANG_WARN_EMPTY_BODY = YES;
				CLANG_WARN_ENUM_CONVERSION = YES;
				CLANG_WARN_INFINITE_RECURSION = YES;
				CLANG_WARN_INT_CONVERSION = YES;
				CLANG_WARN_NON_LITERAL_NULL_CONVERSION = YES;
				CLANG_WARN_OBJC_IMPLICIT_RETAIN_SELF = YES;
				CLANG_WARN_OBJC_LITERAL_CONVERSION = YES;
				CLANG_WARN_OBJC_ROOT_CLASS = YES_ERROR;
				CLANG_WARN_QUOTED_INCLUDE_IN_FRAMEWORK_HEADER = YES;
				CLANG_WARN_RANGE_LOOP_ANALYSIS = YES;
				CLANG_WARN_STRICT_PROTOTYPES = YES;
				CLANG_WARN_SUSPICIOUS_MOVE = YES;
				CLANG_WARN_UNGUARDED_AVAILABILITY = YES_AGGRESSIVE;
				CLANG_WARN_UNREACHABLE_CODE = YES;
				CLANG_WARN__DUPLICATE_METHOD_MATCH = YES;
				COPY_PHASE_STRIP = NO;
				DEBUG_INFORMATION_FORMAT = dwarf;
				ENABLE_STRICT_OBJC_MSGSEND = YES;
				ENABLE_TESTABILITY = YES;
				GCC_C_LANGUAGE_STANDARD = gnu11;
				GCC_DYNAMIC_NO_PIC = NO;
				GCC_NO_COMMON_BLOCKS = YES;
				GCC_OPTIMIZATION_LEVEL = 0;
				GCC_PREPROCESSOR_DEFINITIONS = (
					"DEBUG=1",
					"$(inherited)",
				);
				GCC_WARN_64_TO_32_BIT_CONVERSION = YES;
				GCC_WARN_ABOUT_RETURN_TYPE = YES_ERROR;
				GCC_WARN_UNDECLARED_SELECTOR = YES;
				GCC_WARN_UNINITIALIZED_AUTOS = YES_AGGRESSIVE;
				GCC_WARN_UNUSED_FUNCTION = YES;
				GCC_WARN_UNUSED_VARIABLE = YES;
				IPHONEOS_DEPLOYMENT_TARGET = 14.1;
				MTL_ENABLE_DEBUG_INFO = INCLUDE_SOURCE;
				MTL_FAST_MATH = YES;
				ONLY_ACTIVE_ARCH = YES;
				SDKROOT = iphoneos;
				SWIFT_ACTIVE_COMPILATION_CONDITIONS = DEBUG;
				SWIFT_OPTIMIZATION_LEVEL = "-Onone";
			};
			name = Debug;
		};
		5B5A3AEF2618CB5E003EEF7C /* Release */ = {
			isa = XCBuildConfiguration;
			buildSettings = {
				ALWAYS_SEARCH_USER_PATHS = NO;
				CLANG_ANALYZER_NONNULL = YES;
				CLANG_ANALYZER_NUMBER_OBJECT_CONVERSION = YES_AGGRESSIVE;
				CLANG_CXX_LANGUAGE_STANDARD = "gnu++14";
				CLANG_CXX_LIBRARY = "libc++";
				CLANG_ENABLE_MODULES = YES;
				CLANG_ENABLE_OBJC_ARC = YES;
				CLANG_ENABLE_OBJC_WEAK = YES;
				CLANG_WARN_BLOCK_CAPTURE_AUTORELEASING = YES;
				CLANG_WARN_BOOL_CONVERSION = YES;
				CLANG_WARN_COMMA = YES;
				CLANG_WARN_CONSTANT_CONVERSION = YES;
				CLANG_WARN_DEPRECATED_OBJC_IMPLEMENTATIONS = YES;
				CLANG_WARN_DIRECT_OBJC_ISA_USAGE = YES_ERROR;
				CLANG_WARN_DOCUMENTATION_COMMENTS = YES;
				CLANG_WARN_EMPTY_BODY = YES;
				CLANG_WARN_ENUM_CONVERSION = YES;
				CLANG_WARN_INFINITE_RECURSION = YES;
				CLANG_WARN_INT_CONVERSION = YES;
				CLANG_WARN_NON_LITERAL_NULL_CONVERSION = YES;
				CLANG_WARN_OBJC_IMPLICIT_RETAIN_SELF = YES;
				CLANG_WARN_OBJC_LITERAL_CONVERSION = YES;
				CLANG_WARN_OBJC_ROOT_CLASS = YES_ERROR;
				CLANG_WARN_QUOTED_INCLUDE_IN_FRAMEWORK_HEADER = YES;
				CLANG_WARN_RANGE_LOOP_ANALYSIS = YES;
				CLANG_WARN_STRICT_PROTOTYPES = YES;
				CLANG_WARN_SUSPICIOUS_MOVE = YES;
				CLANG_WARN_UNGUARDED_AVAILABILITY = YES_AGGRESSIVE;
				CLANG_WARN_UNREACHABLE_CODE = YES;
				CLANG_WARN__DUPLICATE_METHOD_MATCH = YES;
				COPY_PHASE_STRIP = NO;
				DEBUG_INFORMATION_FORMAT = "dwarf-with-dsym";
				ENABLE_NS_ASSERTIONS = NO;
				ENABLE_STRICT_OBJC_MSGSEND = YES;
				GCC_C_LANGUAGE_STANDARD = gnu11;
				GCC_NO_COMMON_BLOCKS = YES;
				GCC_WARN_64_TO_32_BIT_CONVERSION = YES;
				GCC_WARN_ABOUT_RETURN_TYPE = YES_ERROR;
				GCC_WARN_UNDECLARED_SELECTOR = YES;
				GCC_WARN_UNINITIALIZED_AUTOS = YES_AGGRESSIVE;
				GCC_WARN_UNUSED_FUNCTION = YES;
				GCC_WARN_UNUSED_VARIABLE = YES;
				IPHONEOS_DEPLOYMENT_TARGET = 14.1;
				MTL_ENABLE_DEBUG_INFO = NO;
				MTL_FAST_MATH = YES;
				SDKROOT = iphoneos;
				SWIFT_COMPILATION_MODE = wholemodule;
				SWIFT_OPTIMIZATION_LEVEL = "-O";
				VALIDATE_PRODUCT = YES;
			};
			name = Release;
		};
		5B5A3AF12618CB5E003EEF7C /* Debug */ = {
			isa = XCBuildConfiguration;
			buildSettings = {
				ASSETCATALOG_COMPILER_APPICON_NAME = AppIcon;
				ASSETCATALOG_COMPILER_GLOBAL_ACCENT_COLOR_NAME = AccentColor;
				CODE_SIGN_STYLE = Automatic;
				DEVELOPMENT_TEAM = 73A856J95H;
				INFOPLIST_FILE = MadCircle/Info.plist;
				IPHONEOS_DEPLOYMENT_TARGET = 14.0;
				LD_RUNPATH_SEARCH_PATHS = (
					"$(inherited)",
					"@executable_path/Frameworks",
				);
				PRODUCT_BUNDLE_IDENTIFIER = ru.gkashin.MadCircle;
				PRODUCT_NAME = "$(TARGET_NAME)";
				SWIFT_VERSION = 5.0;
				TARGETED_DEVICE_FAMILY = 1;
			};
			name = Debug;
		};
		5B5A3AF22618CB5E003EEF7C /* Release */ = {
			isa = XCBuildConfiguration;
			buildSettings = {
				ASSETCATALOG_COMPILER_APPICON_NAME = AppIcon;
				ASSETCATALOG_COMPILER_GLOBAL_ACCENT_COLOR_NAME = AccentColor;
				CODE_SIGN_STYLE = Automatic;
				DEVELOPMENT_TEAM = 73A856J95H;
				INFOPLIST_FILE = MadCircle/Info.plist;
				IPHONEOS_DEPLOYMENT_TARGET = 14.0;
				LD_RUNPATH_SEARCH_PATHS = (
					"$(inherited)",
					"@executable_path/Frameworks",
				);
				PRODUCT_BUNDLE_IDENTIFIER = ru.gkashin.MadCircle;
				PRODUCT_NAME = "$(TARGET_NAME)";
				SWIFT_VERSION = 5.0;
				TARGETED_DEVICE_FAMILY = 1;
			};
			name = Release;
		};
		5B5A3AF42618CB5E003EEF7C /* Debug */ = {
			isa = XCBuildConfiguration;
			buildSettings = {
				ALWAYS_EMBED_SWIFT_STANDARD_LIBRARIES = YES;
				BUNDLE_LOADER = "$(TEST_HOST)";
				CODE_SIGN_STYLE = Automatic;
				DEVELOPMENT_TEAM = 73A856J95H;
				INFOPLIST_FILE = MadCircleTests/Info.plist;
				IPHONEOS_DEPLOYMENT_TARGET = 14.1;
				LD_RUNPATH_SEARCH_PATHS = (
					"$(inherited)",
					"@executable_path/Frameworks",
					"@loader_path/Frameworks",
				);
				PRODUCT_BUNDLE_IDENTIFIER = ru.gkashin.MadCircleTests;
				PRODUCT_NAME = "$(TARGET_NAME)";
				SWIFT_VERSION = 5.0;
				TARGETED_DEVICE_FAMILY = "1,2";
				TEST_HOST = "$(BUILT_PRODUCTS_DIR)/MadCircle.app/MadCircle";
			};
			name = Debug;
		};
		5B5A3AF52618CB5E003EEF7C /* Release */ = {
			isa = XCBuildConfiguration;
			buildSettings = {
				ALWAYS_EMBED_SWIFT_STANDARD_LIBRARIES = YES;
				BUNDLE_LOADER = "$(TEST_HOST)";
				CODE_SIGN_STYLE = Automatic;
				DEVELOPMENT_TEAM = 73A856J95H;
				INFOPLIST_FILE = MadCircleTests/Info.plist;
				IPHONEOS_DEPLOYMENT_TARGET = 14.1;
				LD_RUNPATH_SEARCH_PATHS = (
					"$(inherited)",
					"@executable_path/Frameworks",
					"@loader_path/Frameworks",
				);
				PRODUCT_BUNDLE_IDENTIFIER = ru.gkashin.MadCircleTests;
				PRODUCT_NAME = "$(TARGET_NAME)";
				SWIFT_VERSION = 5.0;
				TARGETED_DEVICE_FAMILY = "1,2";
				TEST_HOST = "$(BUILT_PRODUCTS_DIR)/MadCircle.app/MadCircle";
			};
			name = Release;
		};
		5B5A3AF72618CB5E003EEF7C /* Debug */ = {
			isa = XCBuildConfiguration;
			buildSettings = {
				ALWAYS_EMBED_SWIFT_STANDARD_LIBRARIES = YES;
				CODE_SIGN_STYLE = Automatic;
				DEVELOPMENT_TEAM = 73A856J95H;
				INFOPLIST_FILE = MadCircleUITests/Info.plist;
				LD_RUNPATH_SEARCH_PATHS = (
					"$(inherited)",
					"@executable_path/Frameworks",
					"@loader_path/Frameworks",
				);
				PRODUCT_BUNDLE_IDENTIFIER = ru.gkashin.MadCircleUITests;
				PRODUCT_NAME = "$(TARGET_NAME)";
				SWIFT_VERSION = 5.0;
				TARGETED_DEVICE_FAMILY = "1,2";
				TEST_TARGET_NAME = MadCircle;
			};
			name = Debug;
		};
		5B5A3AF82618CB5E003EEF7C /* Release */ = {
			isa = XCBuildConfiguration;
			buildSettings = {
				ALWAYS_EMBED_SWIFT_STANDARD_LIBRARIES = YES;
				CODE_SIGN_STYLE = Automatic;
				DEVELOPMENT_TEAM = 73A856J95H;
				INFOPLIST_FILE = MadCircleUITests/Info.plist;
				LD_RUNPATH_SEARCH_PATHS = (
					"$(inherited)",
					"@executable_path/Frameworks",
					"@loader_path/Frameworks",
				);
				PRODUCT_BUNDLE_IDENTIFIER = ru.gkashin.MadCircleUITests;
				PRODUCT_NAME = "$(TARGET_NAME)";
				SWIFT_VERSION = 5.0;
				TARGETED_DEVICE_FAMILY = "1,2";
				TEST_TARGET_NAME = MadCircle;
			};
			name = Release;
		};
/* End XCBuildConfiguration section */

/* Begin XCConfigurationList section */
		5B5A3AC12618CB5A003EEF7C /* Build configuration list for PBXProject "MadCircle" */ = {
			isa = XCConfigurationList;
			buildConfigurations = (
				5B5A3AEE2618CB5E003EEF7C /* Debug */,
				5B5A3AEF2618CB5E003EEF7C /* Release */,
			);
			defaultConfigurationIsVisible = 0;
			defaultConfigurationName = Release;
		};
		5B5A3AF02618CB5E003EEF7C /* Build configuration list for PBXNativeTarget "MadCircle" */ = {
			isa = XCConfigurationList;
			buildConfigurations = (
				5B5A3AF12618CB5E003EEF7C /* Debug */,
				5B5A3AF22618CB5E003EEF7C /* Release */,
			);
			defaultConfigurationIsVisible = 0;
			defaultConfigurationName = Release;
		};
		5B5A3AF32618CB5E003EEF7C /* Build configuration list for PBXNativeTarget "MadCircleTests" */ = {
			isa = XCConfigurationList;
			buildConfigurations = (
				5B5A3AF42618CB5E003EEF7C /* Debug */,
				5B5A3AF52618CB5E003EEF7C /* Release */,
			);
			defaultConfigurationIsVisible = 0;
			defaultConfigurationName = Release;
		};
		5B5A3AF62618CB5E003EEF7C /* Build configuration list for PBXNativeTarget "MadCircleUITests" */ = {
			isa = XCConfigurationList;
			buildConfigurations = (
				5B5A3AF72618CB5E003EEF7C /* Debug */,
				5B5A3AF82618CB5E003EEF7C /* Release */,
			);
			defaultConfigurationIsVisible = 0;
			defaultConfigurationName = Release;
		};
/* End XCConfigurationList section */
	};
	rootObject = 5B5A3ABE2618CB5A003EEF7C /* Project object */;
}
